
Microsoft Visual Studio Solution File, Format Version 12.00
# Visual Studio Version 17
VisualStudioVersion = 17.10.35027.167
MinimumVisualStudioVersion = 10.0.40219.1
Project("{FAE04EC0-301F-11D3-BF4B-00C04F79EFBC}") = "PatikaWhileLoop", "PatikaWhileLoop\PatikaWhileLoop.csproj", "{8F6BBFC2-A261-4F71-84E6-80D6E819B5AB}"
EndProject
Global
	GlobalSection(SolutionConfigurationPlatforms) = preSolution
		Debug|Any CPU = Debug|Any CPU
		Release|Any CPU = Release|Any CPU
	EndGlobalSection
	GlobalSection(ProjectConfigurationPlatforms) = postSolution
		{8F6BBFC2-A261-4F71-84E6-80D6E819B5AB}.Debug|Any CPU.ActiveCfg = Debug|Any CPU
		{8F6BBFC2-A261-4F71-84E6-80D6E819B5AB}.Debug|Any CPU.Build.0 = Debug|Any CPU
		{8F6BBFC2-A261-4F71-84E6-80D6E819B5AB}.Release|Any CPU.ActiveCfg = Release|Any CPU
		{8F6BBFC2-A261-4F71-84E6-80D6E819B5AB}.Release|Any CPU.Build.0 = Release|Any CPU
	EndGlobalSection
	GlobalSection(SolutionProperties) = preSolution
		HideSolutionNode = FALSE
	EndGlobalSection
	GlobalSection(ExtensibilityGlobals) = postSolution
		SolutionGuid = {F9B3470C-8EB4-4C22-A7E1-FA45E28F3D21}
	EndGlobalSection
EndGlobal
